
Microsoft Visual Studio Solution File, Format Version 12.00
# Visual Studio 15
VisualStudioVersion = 15.0.27004.2010
MinimumVisualStudioVersion = 10.0.40219.1
Project("{FAE04EC0-301F-11D3-BF4B-00C04F79EFBC}") = "ReportCreator.WebUI", "ReportCreator.WebUI\ReportCreator.WebUI.csproj", "{361ED5D4-96E4-4650-B076-7ABDDCBB7524}"
EndProject
Project("{FAE04EC0-301F-11D3-BF4B-00C04F79EFBC}") = "ReportCreator.Domain", "ReportCreator.Domain\ReportCreator.Domain.csproj", "{45022554-B86A-4963-8595-8AA4C2058D0D}"
EndProject
Project("{FAE04EC0-301F-11D3-BF4B-00C04F79EFBC}") = "ReportCreator.Repository", "ReportCreator.Repository\ReportCreator.Repository.csproj", "{388A948E-29ED-4DB3-9AD9-75D624A26E0C}"
EndProject
Project("{FAE04EC0-301F-11D3-BF4B-00C04F79EFBC}") = "ReportCreator.BLL", "ReportCreator.BLL\ReportCreator.BLL.csproj", "{C14A4FFF-FBA4-41DA-A371-8ED1C19FD350}"
EndProject
Global
	GlobalSection(SolutionConfigurationPlatforms) = preSolution
		Debug|Any CPU = Debug|Any CPU
		Release|Any CPU = Release|Any CPU
	EndGlobalSection
	GlobalSection(ProjectConfigurationPlatforms) = postSolution
		{361ED5D4-96E4-4650-B076-7ABDDCBB7524}.Debug|Any CPU.ActiveCfg = Debug|Any CPU
		{361ED5D4-96E4-4650-B076-7ABDDCBB7524}.Debug|Any CPU.Build.0 = Debug|Any CPU
		{361ED5D4-96E4-4650-B076-7ABDDCBB7524}.Release|Any CPU.ActiveCfg = Release|Any CPU
		{361ED5D4-96E4-4650-B076-7ABDDCBB7524}.Release|Any CPU.Build.0 = Release|Any CPU
		{45022554-B86A-4963-8595-8AA4C2058D0D}.Debug|Any CPU.ActiveCfg = Debug|Any CPU
		{45022554-B86A-4963-8595-8AA4C2058D0D}.Debug|Any CPU.Build.0 = Debug|Any CPU
		{45022554-B86A-4963-8595-8AA4C2058D0D}.Release|Any CPU.ActiveCfg = Release|Any CPU
		{45022554-B86A-4963-8595-8AA4C2058D0D}.Release|Any CPU.Build.0 = Release|Any CPU
		{388A948E-29ED-4DB3-9AD9-75D624A26E0C}.Debug|Any CPU.ActiveCfg = Debug|Any CPU
		{388A948E-29ED-4DB3-9AD9-75D624A26E0C}.Debug|Any CPU.Build.0 = Debug|Any CPU
		{388A948E-29ED-4DB3-9AD9-75D624A26E0C}.Release|Any CPU.ActiveCfg = Release|Any CPU
		{388A948E-29ED-4DB3-9AD9-75D624A26E0C}.Release|Any CPU.Build.0 = Release|Any CPU
		{C14A4FFF-FBA4-41DA-A371-8ED1C19FD350}.Debug|Any CPU.ActiveCfg = Debug|Any CPU
		{C14A4FFF-FBA4-41DA-A371-8ED1C19FD350}.Debug|Any CPU.Build.0 = Debug|Any CPU
		{C14A4FFF-FBA4-41DA-A371-8ED1C19FD350}.Release|Any CPU.ActiveCfg = Release|Any CPU
		{C14A4FFF-FBA4-41DA-A371-8ED1C19FD350}.Release|Any CPU.Build.0 = Release|Any CPU
	EndGlobalSection
	GlobalSection(SolutionProperties) = preSolution
		HideSolutionNode = FALSE
	EndGlobalSection
	GlobalSection(ExtensibilityGlobals) = postSolution
		SolutionGuid = {FE9BE243-E629-4FF4-8D98-A8013C1A3484}
	EndGlobalSection
EndGlobal
